// !$*UTF8*$!
{
	archiveVersion = 1;
	classes = {
	};
	objectVersion = 50;
	objects = {

/* Begin PBXBuildFile section */
		DA4F91A4211D769E00E6EDA3 /* Localizable.strings in Resources */ = {isa = PBXBuildFile; fileRef = DA4F9197211D769E00E6EDA3 /* Localizable.strings */; };
		DA4F91A5211D769E00E6EDA3 /* Assets.xcassets in Resources */ = {isa = PBXBuildFile; fileRef = DA4F9199211D769E00E6EDA3 /* Assets.xcassets */; };
		DA4F91A6211D769E00E6EDA3 /* CurrentWeather.swift in Sources */ = {isa = PBXBuildFile; fileRef = DA4F919C211D769E00E6EDA3 /* CurrentWeather.swift */; };
		DA4F91A7211D769E00E6EDA3 /* HourlyWeather.swift in Sources */ = {isa = PBXBuildFile; fileRef = DA4F919D211D769E00E6EDA3 /* HourlyWeather.swift */; };
		DA4F91A8211D769E00E6EDA3 /* WeatherGenerator.swift in Sources */ = {isa = PBXBuildFile; fileRef = DA4F919E211D769E00E6EDA3 /* WeatherGenerator.swift */; };
		DA4F91A9211D769E00E6EDA3 /* WeatherForecastGenerator.swift in Sources */ = {isa = PBXBuildFile; fileRef = DA4F919F211D769E00E6EDA3 /* WeatherForecastGenerator.swift */; };
		DA4F91AA211D769E00E6EDA3 /* WeatherTypes.swift in Sources */ = {isa = PBXBuildFile; fileRef = DA4F91A0211D769E00E6EDA3 /* WeatherTypes.swift */; };
		DA4F91AB211D769E00E6EDA3 /* Weather.swift in Sources */ = {isa = PBXBuildFile; fileRef = DA4F91A1211D769E00E6EDA3 /* Weather.swift */; };
		DA4F91AC211D769E00E6EDA3 /* DailyWeather.swift in Sources */ = {isa = PBXBuildFile; fileRef = DA4F91A2211D769E00E6EDA3 /* DailyWeather.swift */; };
		DA4F91AD211D769E00E6EDA3 /* WeatherForecast.swift in Sources */ = {isa = PBXBuildFile; fileRef = DA4F91A3211D769E00E6EDA3 /* WeatherForecast.swift */; };
		DA4F91B5211DB53C00E6EDA3 /* HourlyWeatherCollectionViewCell.swift in Sources */ = {isa = PBXBuildFile; fileRef = DA4F91AF211DB53C00E6EDA3 /* HourlyWeatherCollectionViewCell.swift */; };
		DA4F91B6211DB53C00E6EDA3 /* HourlyWeatherCollectionViewCell.xib in Resources */ = {isa = PBXBuildFile; fileRef = DA4F91B0211DB53C00E6EDA3 /* HourlyWeatherCollectionViewCell.xib */; };
		DA4F91B7211DB53C00E6EDA3 /* TemperatureTableViewCell.xib in Resources */ = {isa = PBXBuildFile; fileRef = DA4F91B1211DB53C00E6EDA3 /* TemperatureTableViewCell.xib */; };
		DA4F91B8211DB53C00E6EDA3 /* TemperatureDailyForecastTableViewCell.swift in Sources */ = {isa = PBXBuildFile; fileRef = DA4F91B2211DB53C00E6EDA3 /* TemperatureDailyForecastTableViewCell.swift */; };
		DA4F91B9211DB53C00E6EDA3 /* TemperatureTableViewCell.swift in Sources */ = {isa = PBXBuildFile; fileRef = DA4F91B3211DB53C00E6EDA3 /* TemperatureTableViewCell.swift */; };
		DA4F91BA211DB53C00E6EDA3 /* TemperatureDailyForecastTableViewCell.xib in Resources */ = {isa = PBXBuildFile; fileRef = DA4F91B4211DB53C00E6EDA3 /* TemperatureDailyForecastTableViewCell.xib */; };
		DA4F91C1211DB56E00E6EDA3 /* CurrentWeatherViewController.swift in Sources */ = {isa = PBXBuildFile; fileRef = DA4F91BC211DB56E00E6EDA3 /* CurrentWeatherViewController.swift */; };
		DA4F91C2211DB56E00E6EDA3 /* WeatherViewController.swift in Sources */ = {isa = PBXBuildFile; fileRef = DA4F91BD211DB56E00E6EDA3 /* WeatherViewController.swift */; };
		DA4F91C3211DB56E00E6EDA3 /* CurrentWeatherViewController.xib in Resources */ = {isa = PBXBuildFile; fileRef = DA4F91BE211DB56E00E6EDA3 /* CurrentWeatherViewController.xib */; };
		DA4F91C9211DBA0F00E6EDA3 /* String+Extensions.swift in Sources */ = {isa = PBXBuildFile; fileRef = DA4F91C7211DBA0F00E6EDA3 /* String+Extensions.swift */; };
		DA7813ED211CABB200E582F8 /* AppDelegate.swift in Sources */ = {isa = PBXBuildFile; fileRef = DA7813EC211CABB200E582F8 /* AppDelegate.swift */; };
		DA7813EF211CABB200E582F8 /* ViewController.swift in Sources */ = {isa = PBXBuildFile; fileRef = DA7813EE211CABB200E582F8 /* ViewController.swift */; };
		DA7813F2211CABB200E582F8 /* Main.storyboard in Resources */ = {isa = PBXBuildFile; fileRef = DA7813F0211CABB200E582F8 /* Main.storyboard */; };
		DA7813F7211CABB500E582F8 /* LaunchScreen.storyboard in Resources */ = {isa = PBXBuildFile; fileRef = DA7813F5211CABB500E582F8 /* LaunchScreen.storyboard */; };
/* End PBXBuildFile section */

/* Begin PBXFileReference section */
		DA4F9198211D769E00E6EDA3 /* en */ = {isa = PBXFileReference; lastKnownFileType = text.plist.strings; name = en; path = en.lproj/Localizable.strings; sourceTree = "<group>"; };
		DA4F9199211D769E00E6EDA3 /* Assets.xcassets */ = {isa = PBXFileReference; lastKnownFileType = folder.assetcatalog; path = Assets.xcassets; sourceTree = "<group>"; };
		DA4F919A211D769E00E6EDA3 /* ru */ = {isa = PBXFileReference; lastKnownFileType = text.plist.strings; name = ru; path = ru.lproj/Localizable.strings; sourceTree = "<group>"; };
		DA4F919C211D769E00E6EDA3 /* CurrentWeather.swift */ = {isa = PBXFileReference; fileEncoding = 4; lastKnownFileType = sourcecode.swift; path = CurrentWeather.swift; sourceTree = "<group>"; };
		DA4F919D211D769E00E6EDA3 /* HourlyWeather.swift */ = {isa = PBXFileReference; fileEncoding = 4; lastKnownFileType = sourcecode.swift; path = HourlyWeather.swift; sourceTree = "<group>"; };
		DA4F919E211D769E00E6EDA3 /* WeatherGenerator.swift */ = {isa = PBXFileReference; fileEncoding = 4; lastKnownFileType = sourcecode.swift; path = WeatherGenerator.swift; sourceTree = "<group>"; };
		DA4F919F211D769E00E6EDA3 /* WeatherForecastGenerator.swift */ = {isa = PBXFileReference; fileEncoding = 4; lastKnownFileType = sourcecode.swift; path = WeatherForecastGenerator.swift; sourceTree = "<group>"; };
		DA4F91A0211D769E00E6EDA3 /* WeatherTypes.swift */ = {isa = PBXFileReference; fileEncoding = 4; lastKnownFileType = sourcecode.swift; path = WeatherTypes.swift; sourceTree = "<group>"; };
		DA4F91A1211D769E00E6EDA3 /* Weather.swift */ = {isa = PBXFileReference; fileEncoding = 4; lastKnownFileType = sourcecode.swift; path = Weather.swift; sourceTree = "<group>"; };
		DA4F91A2211D769E00E6EDA3 /* DailyWeather.swift */ = {isa = PBXFileReference; fileEncoding = 4; lastKnownFileType = sourcecode.swift; path = DailyWeather.swift; sourceTree = "<group>"; };
		DA4F91A3211D769E00E6EDA3 /* WeatherForecast.swift */ = {isa = PBXFileReference; fileEncoding = 4; lastKnownFileType = sourcecode.swift; path = WeatherForecast.swift; sourceTree = "<group>"; };
		DA4F91AF211DB53C00E6EDA3 /* HourlyWeatherCollectionViewCell.swift */ = {isa = PBXFileReference; fileEncoding = 4; lastKnownFileType = sourcecode.swift; path = HourlyWeatherCollectionViewCell.swift; sourceTree = "<group>"; };
		DA4F91B0211DB53C00E6EDA3 /* HourlyWeatherCollectionViewCell.xib */ = {isa = PBXFileReference; fileEncoding = 4; lastKnownFileType = file.xib; path = HourlyWeatherCollectionViewCell.xib; sourceTree = "<group>"; };
		DA4F91B1211DB53C00E6EDA3 /* TemperatureTableViewCell.xib */ = {isa = PBXFileReference; fileEncoding = 4; lastKnownFileType = file.xib; path = TemperatureTableViewCell.xib; sourceTree = "<group>"; };
		DA4F91B2211DB53C00E6EDA3 /* TemperatureDailyForecastTableViewCell.swift */ = {isa = PBXFileReference; fileEncoding = 4; lastKnownFileType = sourcecode.swift; path = TemperatureDailyForecastTableViewCell.swift; sourceTree = "<group>"; };
		DA4F91B3211DB53C00E6EDA3 /* TemperatureTableViewCell.swift */ = {isa = PBXFileReference; fileEncoding = 4; lastKnownFileType = sourcecode.swift; path = TemperatureTableViewCell.swift; sourceTree = "<group>"; };
		DA4F91B4211DB53C00E6EDA3 /* TemperatureDailyForecastTableViewCell.xib */ = {isa = PBXFileReference; fileEncoding = 4; lastKnownFileType = file.xib; path = TemperatureDailyForecastTableViewCell.xib; sourceTree = "<group>"; };
		DA4F91BC211DB56E00E6EDA3 /* CurrentWeatherViewController.swift */ = {isa = PBXFileReference; fileEncoding = 4; lastKnownFileType = sourcecode.swift; path = CurrentWeatherViewController.swift; sourceTree = "<group>"; };
		DA4F91BD211DB56E00E6EDA3 /* WeatherViewController.swift */ = {isa = PBXFileReference; fileEncoding = 4; lastKnownFileType = sourcecode.swift; path = WeatherViewController.swift; sourceTree = "<group>"; };
		DA4F91BE211DB56E00E6EDA3 /* CurrentWeatherViewController.xib */ = {isa = PBXFileReference; fileEncoding = 4; lastKnownFileType = file.xib; path = CurrentWeatherViewController.xib; sourceTree = "<group>"; };
		DA4F91C7211DBA0F00E6EDA3 /* String+Extensions.swift */ = {isa = PBXFileReference; fileEncoding = 4; lastKnownFileType = sourcecode.swift; path = "String+Extensions.swift"; sourceTree = "<group>"; };
		DA7813E9211CABB200E582F8 /* testWeatherApp.app */ = {isa = PBXFileReference; explicitFileType = wrapper.application; includeInIndex = 0; path = testWeatherApp.app; sourceTree = BUILT_PRODUCTS_DIR; };
		DA7813EC211CABB200E582F8 /* AppDelegate.swift */ = {isa = PBXFileReference; lastKnownFileType = sourcecode.swift; path = AppDelegate.swift; sourceTree = "<group>"; };
		DA7813EE211CABB200E582F8 /* ViewController.swift */ = {isa = PBXFileReference; lastKnownFileType = sourcecode.swift; path = ViewController.swift; sourceTree = "<group>"; };
		DA7813F1211CABB200E582F8 /* Base */ = {isa = PBXFileReference; lastKnownFileType = file.storyboard; name = Base; path = Base.lproj/Main.storyboard; sourceTree = "<group>"; };
		DA7813F6211CABB500E582F8 /* Base */ = {isa = PBXFileReference; lastKnownFileType = file.storyboard; name = Base; path = Base.lproj/LaunchScreen.storyboard; sourceTree = "<group>"; };
		DA7813F8211CABB500E582F8 /* Info.plist */ = {isa = PBXFileReference; lastKnownFileType = text.plist.xml; path = Info.plist; sourceTree = "<group>"; };
/* End PBXFileReference section */

/* Begin PBXFrameworksBuildPhase section */
		DA7813E6211CABB200E582F8 /* Frameworks */ = {
			isa = PBXFrameworksBuildPhase;
			buildActionMask = 2147483647;
			files = (
			);
			runOnlyForDeploymentPostprocessing = 0;
		};
/* End PBXFrameworksBuildPhase section */

/* Begin PBXGroup section */
		DA4F9196211D769E00E6EDA3 /* Resources */ = {
			isa = PBXGroup;
			children = (
				DA4F9197211D769E00E6EDA3 /* Localizable.strings */,
				DA4F9199211D769E00E6EDA3 /* Assets.xcassets */,
			);
			path = Resources;
			sourceTree = "<group>";
		};
		DA4F919B211D769E00E6EDA3 /* Models */ = {
			isa = PBXGroup;
			children = (
				DA4F919C211D769E00E6EDA3 /* CurrentWeather.swift */,
				DA4F919D211D769E00E6EDA3 /* HourlyWeather.swift */,
				DA4F919E211D769E00E6EDA3 /* WeatherGenerator.swift */,
				DA4F919F211D769E00E6EDA3 /* WeatherForecastGenerator.swift */,
				DA4F91A0211D769E00E6EDA3 /* WeatherTypes.swift */,
				DA4F91A1211D769E00E6EDA3 /* Weather.swift */,
				DA4F91A2211D769E00E6EDA3 /* DailyWeather.swift */,
				DA4F91A3211D769E00E6EDA3 /* WeatherForecast.swift */,
			);
			path = Models;
			sourceTree = "<group>";
		};
		DA4F91AE211DB53C00E6EDA3 /* Views */ = {
			isa = PBXGroup;
			children = (
				DA4F91AF211DB53C00E6EDA3 /* HourlyWeatherCollectionViewCell.swift */,
				DA4F91B0211DB53C00E6EDA3 /* HourlyWeatherCollectionViewCell.xib */,
				DA4F91B1211DB53C00E6EDA3 /* TemperatureTableViewCell.xib */,
				DA4F91B2211DB53C00E6EDA3 /* TemperatureDailyForecastTableViewCell.swift */,
				DA4F91B3211DB53C00E6EDA3 /* TemperatureTableViewCell.swift */,
				DA4F91B4211DB53C00E6EDA3 /* TemperatureDailyForecastTableViewCell.xib */,
			);
			path = Views;
			sourceTree = "<group>";
		};
		DA4F91BB211DB56E00E6EDA3 /* View Controllers */ = {
			isa = PBXGroup;
			children = (
				DA7813EE211CABB200E582F8 /* ViewController.swift */,
				DA4F91BC211DB56E00E6EDA3 /* CurrentWeatherViewController.swift */,
				DA4F91BD211DB56E00E6EDA3 /* WeatherViewController.swift */,
				DA4F91BE211DB56E00E6EDA3 /* CurrentWeatherViewController.xib */,
			);
			path = "View Controllers";
			sourceTree = "<group>";
		};
		DA4F91C6211DBA0F00E6EDA3 /* Utils */ = {
			isa = PBXGroup;
			children = (
				DA4F91C7211DBA0F00E6EDA3 /* String+Extensions.swift */,
			);
			path = Utils;
			sourceTree = "<group>";
		};
		DA7813E0211CABB200E582F8 = {
			isa = PBXGroup;
			children = (
				DA7813EB211CABB200E582F8 /* testWeatherApp */,
				DA7813EA211CABB200E582F8 /* Products */,
			);
			sourceTree = "<group>";
		};
		DA7813EA211CABB200E582F8 /* Products */ = {
			isa = PBXGroup;
			children = (
				DA7813E9211CABB200E582F8 /* testWeatherApp.app */,
			);
			name = Products;
			sourceTree = "<group>";
		};
		DA7813EB211CABB200E582F8 /* testWeatherApp */ = {
			isa = PBXGroup;
			children = (
				DA4F91AE211DB53C00E6EDA3 /* Views */,
				DA4F91BB211DB56E00E6EDA3 /* View Controllers */,
				DA4F919B211D769E00E6EDA3 /* Models */,
				DA4F91C6211DBA0F00E6EDA3 /* Utils */,
				DA4F9196211D769E00E6EDA3 /* Resources */,
				DA7813EC211CABB200E582F8 /* AppDelegate.swift */,
				DA7813F0211CABB200E582F8 /* Main.storyboard */,
				DA7813F5211CABB500E582F8 /* LaunchScreen.storyboard */,
				DA7813F8211CABB500E582F8 /* Info.plist */,
			);
			path = testWeatherApp;
			sourceTree = "<group>";
		};
/* End PBXGroup section */

/* Begin PBXNativeTarget section */
		DA7813E8211CABB200E582F8 /* testWeatherApp */ = {
			isa = PBXNativeTarget;
			buildConfigurationList = DA7813FB211CABB500E582F8 /* Build configuration list for PBXNativeTarget "testWeatherApp" */;
			buildPhases = (
				DA7813E5211CABB200E582F8 /* Sources */,
				DA7813E6211CABB200E582F8 /* Frameworks */,
				DA7813E7211CABB200E582F8 /* Resources */,
			);
			buildRules = (
			);
			dependencies = (
			);
			name = testWeatherApp;
			productName = testWeatherApp;
			productReference = DA7813E9211CABB200E582F8 /* testWeatherApp.app */;
			productType = "com.apple.product-type.application";
		};
/* End PBXNativeTarget section */

/* Begin PBXProject section */
		DA7813E1211CABB200E582F8 /* Project object */ = {
			isa = PBXProject;
			attributes = {
				LastSwiftUpdateCheck = 0940;
				LastUpgradeCheck = 0940;
				ORGANIZATIONNAME = Dmitry;
				TargetAttributes = {
					DA7813E8211CABB200E582F8 = {
						CreatedOnToolsVersion = 9.4.1;
					};
				};
			};
			buildConfigurationList = DA7813E4211CABB200E582F8 /* Build configuration list for PBXProject "testWeatherApp" */;
			compatibilityVersion = "Xcode 9.3";
			developmentRegion = en;
			hasScannedForEncodings = 0;
			knownRegions = (
				en,
				Base,
				ru,
			);
			mainGroup = DA7813E0211CABB200E582F8;
			productRefGroup = DA7813EA211CABB200E582F8 /* Products */;
			projectDirPath = "";
			projectRoot = "";
			targets = (
				DA7813E8211CABB200E582F8 /* testWeatherApp */,
			);
		};
/* End PBXProject section */

/* Begin PBXResourcesBuildPhase section */
		DA7813E7211CABB200E582F8 /* Resources */ = {
			isa = PBXResourcesBuildPhase;
			buildActionMask = 2147483647;
			files = (
				DA4F91BA211DB53C00E6EDA3 /* TemperatureDailyForecastTableViewCell.xib in Resources */,
				DA4F91B6211DB53C00E6EDA3 /* HourlyWeatherCollectionViewCell.xib in Resources */,
				DA7813F7211CABB500E582F8 /* LaunchScreen.storyboard in Resources */,
				DA4F91B7211DB53C00E6EDA3 /* TemperatureTableViewCell.xib in Resources */,
				DA4F91A4211D769E00E6EDA3 /* Localizable.strings in Resources */,
				DA7813F2211CABB200E582F8 /* Main.storyboard in Resources */,
				DA4F91C3211DB56E00E6EDA3 /* CurrentWeatherViewController.xib in Resources */,
				DA4F91A5211D769E00E6EDA3 /* Assets.xcassets in Resources */,
			);
			runOnlyForDeploymentPostprocessing = 0;
		};
/* End PBXResourcesBuildPhase section */

/* Begin PBXSourcesBuildPhase section */
		DA7813E5211CABB200E582F8 /* Sources */ = {
			isa = PBXSourcesBuildPhase;
			buildActionMask = 2147483647;
			files = (
				DA4F91B9211DB53C00E6EDA3 /* TemperatureTableViewCell.swift in Sources */,
				DA4F91C2211DB56E00E6EDA3 /* WeatherViewController.swift in Sources */,
				DA4F91AB211D769E00E6EDA3 /* Weather.swift in Sources */,
				DA4F91AD211D769E00E6EDA3 /* WeatherForecast.swift in Sources */,
				DA4F91C9211DBA0F00E6EDA3 /* String+Extensions.swift in Sources */,
				DA4F91C1211DB56E00E6EDA3 /* CurrentWeatherViewController.swift in Sources */,
				DA7813EF211CABB200E582F8 /* ViewController.swift in Sources */,
				DA4F91A7211D769E00E6EDA3 /* HourlyWeather.swift in Sources */,
				DA4F91A6211D769E00E6EDA3 /* CurrentWeather.swift in Sources */,
				DA4F91AA211D769E00E6EDA3 /* WeatherTypes.swift in Sources */,
				DA4F91A9211D769E00E6EDA3 /* WeatherForecastGenerator.swift in Sources */,
				DA7813ED211CABB200E582F8 /* AppDelegate.swift in Sources */,
				DA4F91B5211DB53C00E6EDA3 /* HourlyWeatherCollectionViewCell.swift in Sources */,
				DA4F91B8211DB53C00E6EDA3 /* TemperatureDailyForecastTableViewCell.swift in Sources */,
				DA4F91A8211D769E00E6EDA3 /* WeatherGenerator.swift in Sources */,
				DA4F91AC211D769E00E6EDA3 /* DailyWeather.swift in Sources */,
			);
			runOnlyForDeploymentPostprocessing = 0;
		};
/* End PBXSourcesBuildPhase section */

/* Begin PBXVariantGroup section */
		DA4F9197211D769E00E6EDA3 /* Localizable.strings */ = {
			isa = PBXVariantGroup;
			children = (
				DA4F9198211D769E00E6EDA3 /* en */,
				DA4F919A211D769E00E6EDA3 /* ru */,
			);
			name = Localizable.strings;
			sourceTree = "<group>";
		};
		DA7813F0211CABB200E582F8 /* Main.storyboard */ = {
			isa = PBXVariantGroup;
			children = (
				DA7813F1211CABB200E582F8 /* Base */,
			);
			name = Main.storyboard;
			sourceTree = "<group>";
		};
		DA7813F5211CABB500E582F8 /* LaunchScreen.storyboard */ = {
			isa = PBXVariantGroup;
			children = (
				DA7813F6211CABB500E582F8 /* Base */,
			);
			name = LaunchScreen.storyboard;
			sourceTree = "<group>";
		};
/* End PBXVariantGroup section */

/* Begin XCBuildConfiguration section */
		DA7813F9211CABB500E582F8 /* Debug */ = {
			isa = XCBuildConfiguration;
			buildSettings = {
				ALWAYS_SEARCH_USER_PATHS = NO;
				CLANG_ANALYZER_NONNULL = YES;
				CLANG_ANALYZER_NUMBER_OBJECT_CONVERSION = YES_AGGRESSIVE;
				CLANG_CXX_LANGUAGE_STANDARD = "gnu++14";
				CLANG_CXX_LIBRARY = "libc++";
				CLANG_ENABLE_MODULES = YES;
				CLANG_ENABLE_OBJC_ARC = YES;
				CLANG_ENABLE_OBJC_WEAK = YES;
				CLANG_WARN_BLOCK_CAPTURE_AUTORELEASING = YES;
				CLANG_WARN_BOOL_CONVERSION = YES;
				CLANG_WARN_COMMA = YES;
				CLANG_WARN_CONSTANT_CONVERSION = YES;
				CLANG_WARN_DEPRECATED_OBJC_IMPLEMENTATIONS = YES;
				CLANG_WARN_DIRECT_OBJC_ISA_USAGE = YES_ERROR;
				CLANG_WARN_DOCUMENTATION_COMMENTS = YES;
				CLANG_WARN_EMPTY_BODY = YES;
				CLANG_WARN_ENUM_CONVERSION = YES;
				CLANG_WARN_INFINITE_RECURSION = YES;
				CLANG_WARN_INT_CONVERSION = YES;
				CLANG_WARN_NON_LITERAL_NULL_CONVERSION = YES;
				CLANG_WARN_OBJC_IMPLICIT_RETAIN_SELF = YES;
				CLANG_WARN_OBJC_LITERAL_CONVERSION = YES;
				CLANG_WARN_OBJC_ROOT_CLASS = YES_ERROR;
				CLANG_WARN_RANGE_LOOP_ANALYSIS = YES;
				CLANG_WARN_STRICT_PROTOTYPES = YES;
				CLANG_WARN_SUSPICIOUS_MOVE = YES;
				CLANG_WARN_UNGUARDED_AVAILABILITY = YES_AGGRESSIVE;
				CLANG_WARN_UNREACHABLE_CODE = YES;
				CLANG_WARN__DUPLICATE_METHOD_MATCH = YES;
				CODE_SIGN_IDENTITY = "iPhone Developer";
				COPY_PHASE_STRIP = NO;
				DEBUG_INFORMATION_FORMAT = dwarf;
				ENABLE_STRICT_OBJC_MSGSEND = YES;
				ENABLE_TESTABILITY = YES;
				GCC_C_LANGUAGE_STANDARD = gnu11;
				GCC_DYNAMIC_NO_PIC = NO;
				GCC_NO_COMMON_BLOCKS = YES;
				GCC_OPTIMIZATION_LEVEL = 0;
				GCC_PREPROCESSOR_DEFINITIONS = (
					"DEBUG=1",
					"$(inherited)",
				);
				GCC_WARN_64_TO_32_BIT_CONVERSION = YES;
				GCC_WARN_ABOUT_RETURN_TYPE = YES_ERROR;
				GCC_WARN_UNDECLARED_SELECTOR = YES;
				GCC_WARN_UNINITIALIZED_AUTOS = YES_AGGRESSIVE;
				GCC_WARN_UNUSED_FUNCTION = YES;
				GCC_WARN_UNUSED_VARIABLE = YES;
				IPHONEOS_DEPLOYMENT_TARGET = 11.0;
				MTL_ENABLE_DEBUG_INFO = YES;
				ONLY_ACTIVE_ARCH = YES;
				SDKROOT = iphoneos;
				SWIFT_ACTIVE_COMPILATION_CONDITIONS = DEBUG;
				SWIFT_OPTIMIZATION_LEVEL = "-Onone";
			};
			name = Debug;
		};
		DA7813FA211CABB500E582F8 /* Release */ = {
			isa = XCBuildConfiguration;
			buildSettings = {
				ALWAYS_SEARCH_USER_PATHS = NO;
				CLANG_ANALYZER_NONNULL = YES;
				CLANG_ANALYZER_NUMBER_OBJECT_CONVERSION = YES_AGGRESSIVE;
				CLANG_CXX_LANGUAGE_STANDARD = "gnu++14";
				CLANG_CXX_LIBRARY = "libc++";
				CLANG_ENABLE_MODULES = YES;
				CLANG_ENABLE_OBJC_ARC = YES;
				CLANG_ENABLE_OBJC_WEAK = YES;
				CLANG_WARN_BLOCK_CAPTURE_AUTORELEASING = YES;
				CLANG_WARN_BOOL_CONVERSION = YES;
				CLANG_WARN_COMMA = YES;
				CLANG_WARN_CONSTANT_CONVERSION = YES;
				CLANG_WARN_DEPRECATED_OBJC_IMPLEMENTATIONS = YES;
				CLANG_WARN_DIRECT_OBJC_ISA_USAGE = YES_ERROR;
				CLANG_WARN_DOCUMENTATION_COMMENTS = YES;
				CLANG_WARN_EMPTY_BODY = YES;
				CLANG_WARN_ENUM_CONVERSION = YES;
				CLANG_WARN_INFINITE_RECURSION = YES;
				CLANG_WARN_INT_CONVERSION = YES;
				CLANG_WARN_NON_LITERAL_NULL_CONVERSION = YES;
				CLANG_WARN_OBJC_IMPLICIT_RETAIN_SELF = YES;
				CLANG_WARN_OBJC_LITERAL_CONVERSION = YES;
				CLANG_WARN_OBJC_ROOT_CLASS = YES_ERROR;
				CLANG_WARN_RANGE_LOOP_ANALYSIS = YES;
				CLANG_WARN_STRICT_PROTOTYPES = YES;
				CLANG_WARN_SUSPICIOUS_MOVE = YES;
				CLANG_WARN_UNGUARDED_AVAILABILITY = YES_AGGRESSIVE;
				CLANG_WARN_UNREACHABLE_CODE = YES;
				CLANG_WARN__DUPLICATE_METHOD_MATCH = YES;
				CODE_SIGN_IDENTITY = "iPhone Developer";
				COPY_PHASE_STRIP = NO;
				DEBUG_INFORMATION_FORMAT = "dwarf-with-dsym";
				ENABLE_NS_ASSERTIONS = NO;
				ENABLE_STRICT_OBJC_MSGSEND = YES;
				GCC_C_LANGUAGE_STANDARD = gnu11;
				GCC_NO_COMMON_BLOCKS = YES;
				GCC_WARN_64_TO_32_BIT_CONVERSION = YES;
				GCC_WARN_ABOUT_RETURN_TYPE = YES_ERROR;
				GCC_WARN_UNDECLARED_SELECTOR = YES;
				GCC_WARN_UNINITIALIZED_AUTOS = YES_AGGRESSIVE;
				GCC_WARN_UNUSED_FUNCTION = YES;
				GCC_WARN_UNUSED_VARIABLE = YES;
				IPHONEOS_DEPLOYMENT_TARGET = 11.0;
				MTL_ENABLE_DEBUG_INFO = NO;
				SDKROOT = iphoneos;
				SWIFT_COMPILATION_MODE = wholemodule;
				SWIFT_OPTIMIZATION_LEVEL = "-O";
				VALIDATE_PRODUCT = YES;
			};
			name = Release;
		};
		DA7813FC211CABB500E582F8 /* Debug */ = {
			isa = XCBuildConfiguration;
			buildSettings = {
				ASSETCATALOG_COMPILER_APPICON_NAME = AppIcon;
				CODE_SIGN_STYLE = Automatic;
				INFOPLIST_FILE = testWeatherApp/Info.plist;
				LD_RUNPATH_SEARCH_PATHS = (
					"$(inherited)",
					"@executable_path/Frameworks",
				);
				PRODUCT_BUNDLE_IDENTIFIER = com.Byku.testWeatherApp;
				PRODUCT_NAME = "$(TARGET_NAME)";
				SWIFT_VERSION = 4.0;
				TARGETED_DEVICE_FAMILY = "1,2";
			};
			name = Debug;
		};
		DA7813FD211CABB500E582F8 /* Release */ = {
			isa = XCBuildConfiguration;
			buildSettings = {
				ASSETCATALOG_COMPILER_APPICON_NAME = AppIcon;
				CODE_SIGN_STYLE = Automatic;
				INFOPLIST_FILE = testWeatherApp/Info.plist;
				LD_RUNPATH_SEARCH_PATHS = (
					"$(inherited)",
					"@executable_path/Frameworks",
				);
				PRODUCT_BUNDLE_IDENTIFIER = com.Byku.testWeatherApp;
				PRODUCT_NAME = "$(TARGET_NAME)";
				SWIFT_VERSION = 4.0;
				TARGETED_DEVICE_FAMILY = "1,2";
			};
			name = Release;
		};
/* End XCBuildConfiguration section */

/* Begin XCConfigurationList section */
		DA7813E4211CABB200E582F8 /* Build configuration list for PBXProject "testWeatherApp" */ = {
			isa = XCConfigurationList;
			buildConfigurations = (
				DA7813F9211CABB500E582F8 /* Debug */,
				DA7813FA211CABB500E582F8 /* Release */,
			);
			defaultConfigurationIsVisible = 0;
			defaultConfigurationName = Release;
		};
		DA7813FB211CABB500E582F8 /* Build configuration list for PBXNativeTarget "testWeatherApp" */ = {
			isa = XCConfigurationList;
			buildConfigurations = (
				DA7813FC211CABB500E582F8 /* Debug */,
				DA7813FD211CABB500E582F8 /* Release */,
			);
			defaultConfigurationIsVisible = 0;
			defaultConfigurationName = Release;
		};
/* End XCConfigurationList section */
	};
	rootObject = DA7813E1211CABB200E582F8 /* Project object */;
}
